# This file is automatically @generated by Cargo.
# It is not intended for manual editing.
version = 3

[[package]]
name = "day-11"
version = "0.1.0"
dependencies = [
 "fenwick",
]

[[package]]
name = "fenwick"
version = "0.1.0"
source = "git+https://github.com/ttappr/fenwick.git#065ef00fb16886a98f9ab2dd0731d114f06769ff"
